
Microsoft Visual Studio Solution File, Format Version 12.00
# Visual Studio 15
VisualStudioVersion = 15.0.26730.12
MinimumVisualStudioVersion = 10.0.40219.1
Project("{FAE04EC0-301F-11D3-BF4B-00C04F79EFBC}") = "MailDemo", "MailDemo\MailDemo.csproj", "{D02E0363-2A3F-48E9-B61D-632DC4054AAD}"
EndProject
Project("{FAE04EC0-301F-11D3-BF4B-00C04F79EFBC}") = "EmailSendTester", "EmailSendTester\EmailSendTester.csproj", "{83D61AEC-B598-493E-A2A9-294C27E23FC0}"
EndProject
Project("{FAE04EC0-301F-11D3-BF4B-00C04F79EFBC}") = "EWSwith14", "EWSwith14\EWSwith14.csproj", "{C2563925-9662-45F2-B252-A42C8BCD04C2}"
EndProject
Project("{FAE04EC0-301F-11D3-BF4B-00C04F79EFBC}") = "ConsoleAppCreateTestData", "ConsoleAppCreateTestData\ConsoleAppCreateTestData.csproj", "{36F5E497-02F4-49C8-B446-A0493269DB62}"
EndProject
Project("{FAE04EC0-301F-11D3-BF4B-00C04F79EFBC}") = "Office365ArchiveTool", "Office365ArchiveTool\Office365ArchiveTool.csproj", "{282B7C94-40FF-4753-98A2-A8F115B9E071}"
EndProject
Project("{FAE04EC0-301F-11D3-BF4B-00C04F79EFBC}") = "WebAPITest", "WebAPITest\WebAPITest.csproj", "{69C03574-9EF2-4205-B16E-7E06F03F796E}"
EndProject
Project("{FAE04EC0-301F-11D3-BF4B-00C04F79EFBC}") = "WebHookTest", "WebHookTest\WebHookTest.csproj", "{F91AE1B8-8A77-4390-BAC8-AE1D4C6037DB}"
EndProject
Global
	GlobalSection(SolutionConfigurationPlatforms) = preSolution
		Debug|Any CPU = Debug|Any CPU
		Debug|x64 = Debug|x64
		Release|Any CPU = Release|Any CPU
		Release|x64 = Release|x64
	EndGlobalSection
	GlobalSection(ProjectConfigurationPlatforms) = postSolution
		{D02E0363-2A3F-48E9-B61D-632DC4054AAD}.Debug|Any CPU.ActiveCfg = Debug|Any CPU
		{D02E0363-2A3F-48E9-B61D-632DC4054AAD}.Debug|Any CPU.Build.0 = Debug|Any CPU
		{D02E0363-2A3F-48E9-B61D-632DC4054AAD}.Debug|x64.ActiveCfg = Debug|Any CPU
		{D02E0363-2A3F-48E9-B61D-632DC4054AAD}.Debug|x64.Build.0 = Debug|Any CPU
		{D02E0363-2A3F-48E9-B61D-632DC4054AAD}.Release|Any CPU.ActiveCfg = Release|Any CPU
		{D02E0363-2A3F-48E9-B61D-632DC4054AAD}.Release|Any CPU.Build.0 = Release|Any CPU
		{D02E0363-2A3F-48E9-B61D-632DC4054AAD}.Release|x64.ActiveCfg = Release|Any CPU
		{D02E0363-2A3F-48E9-B61D-632DC4054AAD}.Release|x64.Build.0 = Release|Any CPU
		{83D61AEC-B598-493E-A2A9-294C27E23FC0}.Debug|Any CPU.ActiveCfg = Debug|Any CPU
		{83D61AEC-B598-493E-A2A9-294C27E23FC0}.Debug|Any CPU.Build.0 = Debug|Any CPU
		{83D61AEC-B598-493E-A2A9-294C27E23FC0}.Debug|x64.ActiveCfg = Debug|x64
		{83D61AEC-B598-493E-A2A9-294C27E23FC0}.Debug|x64.Build.0 = Debug|x64
		{83D61AEC-B598-493E-A2A9-294C27E23FC0}.Release|Any CPU.ActiveCfg = Release|Any CPU
		{83D61AEC-B598-493E-A2A9-294C27E23FC0}.Release|Any CPU.Build.0 = Release|Any CPU
		{83D61AEC-B598-493E-A2A9-294C27E23FC0}.Release|x64.ActiveCfg = Release|x64
		{83D61AEC-B598-493E-A2A9-294C27E23FC0}.Release|x64.Build.0 = Release|x64
		{C2563925-9662-45F2-B252-A42C8BCD04C2}.Debug|Any CPU.ActiveCfg = Debug|Any CPU
		{C2563925-9662-45F2-B252-A42C8BCD04C2}.Debug|Any CPU.Build.0 = Debug|Any CPU
		{C2563925-9662-45F2-B252-A42C8BCD04C2}.Debug|x64.ActiveCfg = Debug|Any CPU
		{C2563925-9662-45F2-B252-A42C8BCD04C2}.Debug|x64.Build.0 = Debug|Any CPU
		{C2563925-9662-45F2-B252-A42C8BCD04C2}.Release|Any CPU.ActiveCfg = Release|Any CPU
		{C2563925-9662-45F2-B252-A42C8BCD04C2}.Release|Any CPU.Build.0 = Release|Any CPU
		{C2563925-9662-45F2-B252-A42C8BCD04C2}.Release|x64.ActiveCfg = Release|Any CPU
		{C2563925-9662-45F2-B252-A42C8BCD04C2}.Release|x64.Build.0 = Release|Any CPU
		{36F5E497-02F4-49C8-B446-A0493269DB62}.Debug|Any CPU.ActiveCfg = Debug|Any CPU
		{36F5E497-02F4-49C8-B446-A0493269DB62}.Debug|Any CPU.Build.0 = Debug|Any CPU
		{36F5E497-02F4-49C8-B446-A0493269DB62}.Debug|x64.ActiveCfg = Debug|Any CPU
		{36F5E497-02F4-49C8-B446-A0493269DB62}.Debug|x64.Build.0 = Debug|Any CPU
		{36F5E497-02F4-49C8-B446-A0493269DB62}.Release|Any CPU.ActiveCfg = Release|Any CPU
		{36F5E497-02F4-49C8-B446-A0493269DB62}.Release|Any CPU.Build.0 = Release|Any CPU
		{36F5E497-02F4-49C8-B446-A0493269DB62}.Release|x64.ActiveCfg = Release|Any CPU
		{36F5E497-02F4-49C8-B446-A0493269DB62}.Release|x64.Build.0 = Release|Any CPU
		{282B7C94-40FF-4753-98A2-A8F115B9E071}.Debug|Any CPU.ActiveCfg = Debug|Any CPU
		{282B7C94-40FF-4753-98A2-A8F115B9E071}.Debug|Any CPU.Build.0 = Debug|Any CPU
		{282B7C94-40FF-4753-98A2-A8F115B9E071}.Debug|x64.ActiveCfg = Debug|Any CPU
		{282B7C94-40FF-4753-98A2-A8F115B9E071}.Debug|x64.Build.0 = Debug|Any CPU
		{282B7C94-40FF-4753-98A2-A8F115B9E071}.Release|Any CPU.ActiveCfg = Release|Any CPU
		{282B7C94-40FF-4753-98A2-A8F115B9E071}.Release|Any CPU.Build.0 = Release|Any CPU
		{282B7C94-40FF-4753-98A2-A8F115B9E071}.Release|x64.ActiveCfg = Release|Any CPU
		{282B7C94-40FF-4753-98A2-A8F115B9E071}.Release|x64.Build.0 = Release|Any CPU
		{69C03574-9EF2-4205-B16E-7E06F03F796E}.Debug|Any CPU.ActiveCfg = Debug|Any CPU
		{69C03574-9EF2-4205-B16E-7E06F03F796E}.Debug|Any CPU.Build.0 = Debug|Any CPU
		{69C03574-9EF2-4205-B16E-7E06F03F796E}.Debug|x64.ActiveCfg = Debug|Any CPU
		{69C03574-9EF2-4205-B16E-7E06F03F796E}.Debug|x64.Build.0 = Debug|Any CPU
		{69C03574-9EF2-4205-B16E-7E06F03F796E}.Release|Any CPU.ActiveCfg = Release|Any CPU
		{69C03574-9EF2-4205-B16E-7E06F03F796E}.Release|Any CPU.Build.0 = Release|Any CPU
		{69C03574-9EF2-4205-B16E-7E06F03F796E}.Release|x64.ActiveCfg = Release|Any CPU
		{69C03574-9EF2-4205-B16E-7E06F03F796E}.Release|x64.Build.0 = Release|Any CPU
		{F91AE1B8-8A77-4390-BAC8-AE1D4C6037DB}.Debug|Any CPU.ActiveCfg = Debug|Any CPU
		{F91AE1B8-8A77-4390-BAC8-AE1D4C6037DB}.Debug|Any CPU.Build.0 = Debug|Any CPU
		{F91AE1B8-8A77-4390-BAC8-AE1D4C6037DB}.Debug|x64.ActiveCfg = Debug|Any CPU
		{F91AE1B8-8A77-4390-BAC8-AE1D4C6037DB}.Debug|x64.Build.0 = Debug|Any CPU
		{F91AE1B8-8A77-4390-BAC8-AE1D4C6037DB}.Release|Any CPU.ActiveCfg = Release|Any CPU
		{F91AE1B8-8A77-4390-BAC8-AE1D4C6037DB}.Release|Any CPU.Build.0 = Release|Any CPU
		{F91AE1B8-8A77-4390-BAC8-AE1D4C6037DB}.Release|x64.ActiveCfg = Release|Any CPU
		{F91AE1B8-8A77-4390-BAC8-AE1D4C6037DB}.Release|x64.Build.0 = Release|Any CPU
	EndGlobalSection
	GlobalSection(SolutionProperties) = preSolution
		HideSolutionNode = FALSE
	EndGlobalSection
	GlobalSection(ExtensibilityGlobals) = postSolution
		SolutionGuid = {121E93EB-A1D6-47D7-9771-71052F19F28A}
	EndGlobalSection
EndGlobal
